// !$*UTF8*$!
{
	archiveVersion = 1;
	classes = {
	};
	objectVersion = 50;
	objects = {

/* Begin PBXBuildFile section */
		B737AFED22DE5AB20075532B /* AppDelegate.swift in Sources */ = {isa = PBXBuildFile; fileRef = B737AFEC22DE5AB20075532B /* AppDelegate.swift */; };
		B737AFEF22DE5AB20075532B /* ViewController.swift in Sources */ = {isa = PBXBuildFile; fileRef = B737AFEE22DE5AB20075532B /* ViewController.swift */; };
		B737AFF222DE5AB20075532B /* Main.storyboard in Resources */ = {isa = PBXBuildFile; fileRef = B737AFF022DE5AB20075532B /* Main.storyboard */; };
		B737AFF522DE5AB20075532B /* unimportant.xcdatamodeld in Sources */ = {isa = PBXBuildFile; fileRef = B737AFF322DE5AB20075532B /* unimportant.xcdatamodeld */; };
		B737AFF722DE5AB30075532B /* Assets.xcassets in Resources */ = {isa = PBXBuildFile; fileRef = B737AFF622DE5AB30075532B /* Assets.xcassets */; };
		B737AFFA22DE5AB30075532B /* LaunchScreen.storyboard in Resources */ = {isa = PBXBuildFile; fileRef = B737AFF822DE5AB30075532B /* LaunchScreen.storyboard */; };
/* End PBXBuildFile section */

/* Begin PBXFileReference section */
		B737AFE922DE5AB20075532B /* unimportant.app */ = {isa = PBXFileReference; explicitFileType = wrapper.application; includeInIndex = 0; path = unimportant.app; sourceTree = BUILT_PRODUCTS_DIR; };
		B737AFEC22DE5AB20075532B /* AppDelegate.swift */ = {isa = PBXFileReference; lastKnownFileType = sourcecode.swift; path = AppDelegate.swift; sourceTree = "<group>"; };
		B737AFEE22DE5AB20075532B /* ViewController.swift */ = {isa = PBXFileReference; lastKnownFileType = sourcecode.swift; path = ViewController.swift; sourceTree = "<group>"; };
		B737AFF122DE5AB20075532B /* Base */ = {isa = PBXFileReference; lastKnownFileType = file.storyboard; name = Base; path = Base.lproj/Main.storyboard; sourceTree = "<group>"; };
		B737AFF422DE5AB20075532B /* unimportant.xcdatamodel */ = {isa = PBXFileReference; lastKnownFileType = wrapper.xcdatamodel; path = unimportant.xcdatamodel; sourceTree = "<group>"; };
		B737AFF622DE5AB30075532B /* Assets.xcassets */ = {isa = PBXFileReference; lastKnownFileType = folder.assetcatalog; path = Assets.xcassets; sourceTree = "<group>"; };
		B737AFF922DE5AB30075532B /* Base */ = {isa = PBXFileReference; lastKnownFileType = file.storyboard; name = Base; path = Base.lproj/LaunchScreen.storyboard; sourceTree = "<group>"; };
		B737AFFB22DE5AB30075532B /* Info.plist */ = {isa = PBXFileReference; lastKnownFileType = text.plist.xml; path = Info.plist; sourceTree = "<group>"; };
/* End PBXFileReference section */

/* Begin PBXFrameworksBuildPhase section */
		B737AFE622DE5AB20075532B /* Frameworks */ = {
			isa = PBXFrameworksBuildPhase;
			buildActionMask = 2147483647;
			files = (
			);
			runOnlyForDeploymentPostprocessing = 0;
		};
/* End PBXFrameworksBuildPhase section */

/* Begin PBXGroup section */
		B737AFE022DE5AB20075532B = {
			isa = PBXGroup;
			children = (
				B737AFEB22DE5AB20075532B /* unimportant */,
				B737AFEA22DE5AB20075532B /* Products */,
			);
			sourceTree = "<group>";
		};
		B737AFEA22DE5AB20075532B /* Products */ = {
			isa = PBXGroup;
			children = (
				B737AFE922DE5AB20075532B /* unimportant.app */,
			);
			name = Products;
			sourceTree = "<group>";
		};
		B737AFEB22DE5AB20075532B /* unimportant */ = {
			isa = PBXGroup;
			children = (
				B737AFEC22DE5AB20075532B /* AppDelegate.swift */,
				B737AFEE22DE5AB20075532B /* ViewController.swift */,
				B737AFF022DE5AB20075532B /* Main.storyboard */,
				B737AFF622DE5AB30075532B /* Assets.xcassets */,
				B737AFF822DE5AB30075532B /* LaunchScreen.storyboard */,
				B737AFFB22DE5AB30075532B /* Info.plist */,
				B737AFF322DE5AB20075532B /* unimportant.xcdatamodeld */,
			);
			path = unimportant;
			sourceTree = "<group>";
		};
/* End PBXGroup section */

/* Begin PBXNativeTarget section */
		B737AFE822DE5AB20075532B /* unimportant */ = {
			isa = PBXNativeTarget;
			buildConfigurationList = B737AFFE22DE5AB30075532B /* Build configuration list for PBXNativeTarget "unimportant" */;
			buildPhases = (
				B737AFE522DE5AB20075532B /* Sources */,
				B737AFE622DE5AB20075532B /* Frameworks */,
				B737AFE722DE5AB20075532B /* Resources */,
			);
			buildRules = (
			);
			dependencies = (
			);
			name = unimportant;
			productName = unimportant;
			productReference = B737AFE922DE5AB20075532B /* unimportant.app */;
			productType = "com.apple.product-type.application";
		};
/* End PBXNativeTarget section */

/* Begin PBXProject section */
		B737AFE122DE5AB20075532B /* Project object */ = {
			isa = PBXProject;
			attributes = {
				LastSwiftUpdateCheck = 1020;
				LastUpgradeCheck = 1020;
				ORGANIZATIONNAME = girlswhocode;
				TargetAttributes = {
					B737AFE822DE5AB20075532B = {
						CreatedOnToolsVersion = 10.2.1;
					};
				};
			};
			buildConfigurationList = B737AFE422DE5AB20075532B /* Build configuration list for PBXProject "unimportant" */;
			compatibilityVersion = "Xcode 9.3";
			developmentRegion = en;
			hasScannedForEncodings = 0;
			knownRegions = (
				en,
				Base,
			);
			mainGroup = B737AFE022DE5AB20075532B;
			productRefGroup = B737AFEA22DE5AB20075532B /* Products */;
			projectDirPath = "";
			projectRoot = "";
			targets = (
				B737AFE822DE5AB20075532B /* unimportant */,
			);
		};
/* End PBXProject section */

/* Begin PBXResourcesBuildPhase section */
		B737AFE722DE5AB20075532B /* Resources */ = {
			isa = PBXResourcesBuildPhase;
			buildActionMask = 2147483647;
			files = (
				B737AFFA22DE5AB30075532B /* LaunchScreen.storyboard in Resources */,
				B737AFF722DE5AB30075532B /* Assets.xcassets in Resources */,
				B737AFF222DE5AB20075532B /* Main.storyboard in Resources */,
			);
			runOnlyForDeploymentPostprocessing = 0;
		};
/* End PBXResourcesBuildPhase section */

/* Begin PBXSourcesBuildPhase section */
		B737AFE522DE5AB20075532B /* Sources */ = {
			isa = PBXSourcesBuildPhase;
			buildActionMask = 2147483647;
			files = (
				B737AFF522DE5AB20075532B /* unimportant.xcdatamodeld in Sources */,
				B737AFEF22DE5AB20075532B /* ViewController.swift in Sources */,
				B737AFED22DE5AB20075532B /* AppDelegate.swift in Sources */,
			);
			runOnlyForDeploymentPostprocessing = 0;
		};
/* End PBXSourcesBuildPhase section */

/* Begin PBXVariantGroup section */
		B737AFF022DE5AB20075532B /* Main.storyboard */ = {
			isa = PBXVariantGroup;
			children = (
				B737AFF122DE5AB20075532B /* Base */,
			);
			name = Main.storyboard;
			sourceTree = "<group>";
		};
		B737AFF822DE5AB30075532B /* LaunchScreen.storyboard */ = {
			isa = PBXVariantGroup;
			children = (
				B737AFF922DE5AB30075532B /* Base */,
			);
			name = LaunchScreen.storyboard;
			sourceTree = "<group>";
		};
/* End PBXVariantGroup section */

/* Begin XCBuildConfiguration section */
		B737AFFC22DE5AB30075532B /* Debug */ = {
			isa = XCBuildConfiguration;
			buildSettings = {
				ALWAYS_SEARCH_USER_PATHS = NO;
				CLANG_ANALYZER_NONNULL = YES;
				CLANG_ANALYZER_NUMBER_OBJECT_CONVERSION = YES_AGGRESSIVE;
				CLANG_CXX_LANGUAGE_STANDARD = "gnu++14";
				CLANG_CXX_LIBRARY = "libc++";
				CLANG_ENABLE_MODULES = YES;
				CLANG_ENABLE_OBJC_ARC = YES;
				CLANG_ENABLE_OBJC_WEAK = YES;
				CLANG_WARN_BLOCK_CAPTURE_AUTORELEASING = YES;
				CLANG_WARN_BOOL_CONVERSION = YES;
				CLANG_WARN_COMMA = YES;
				CLANG_WARN_CONSTANT_CONVERSION = YES;
				CLANG_WARN_DEPRECATED_OBJC_IMPLEMENTATIONS = YES;
				CLANG_WARN_DIRECT_OBJC_ISA_USAGE = YES_ERROR;
				CLANG_WARN_DOCUMENTATION_COMMENTS = YES;
				CLANG_WARN_EMPTY_BODY = YES;
				CLANG_WARN_ENUM_CONVERSION = YES;
				CLANG_WARN_INFINITE_RECURSION = YES;
				CLANG_WARN_INT_CONVERSION = YES;
				CLANG_WARN_NON_LITERAL_NULL_CONVERSION = YES;
				CLANG_WARN_OBJC_IMPLICIT_RETAIN_SELF = YES;
				CLANG_WARN_OBJC_LITERAL_CONVERSION = YES;
				CLANG_WARN_OBJC_ROOT_CLASS = YES_ERROR;
				CLANG_WARN_RANGE_LOOP_ANALYSIS = YES;
				CLANG_WARN_STRICT_PROTOTYPES = YES;
				CLANG_WARN_SUSPICIOUS_MOVE = YES;
				CLANG_WARN_UNGUARDED_AVAILABILITY = YES_AGGRESSIVE;
				CLANG_WARN_UNREACHABLE_CODE = YES;
				CLANG_WARN__DUPLICATE_METHOD_MATCH = YES;
				CODE_SIGN_IDENTITY = "iPhone Developer";
				COPY_PHASE_STRIP = NO;
				DEBUG_INFORMATION_FORMAT = dwarf;
				ENABLE_STRICT_OBJC_MSGSEND = YES;
				ENABLE_TESTABILITY = YES;
				GCC_C_LANGUAGE_STANDARD = gnu11;
				GCC_DYNAMIC_NO_PIC = NO;
				GCC_NO_COMMON_BLOCKS = YES;
				GCC_OPTIMIZATION_LEVEL = 0;
				GCC_PREPROCESSOR_DEFINITIONS = (
					"DEBUG=1",
					"$(inherited)",
				);
				GCC_WARN_64_TO_32_BIT_CONVERSION = YES;
				GCC_WARN_ABOUT_RETURN_TYPE = YES_ERROR;
				GCC_WARN_UNDECLARED_SELECTOR = YES;
				GCC_WARN_UNINITIALIZED_AUTOS = YES_AGGRESSIVE;
				GCC_WARN_UNUSED_FUNCTION = YES;
				GCC_WARN_UNUSED_VARIABLE = YES;
				IPHONEOS_DEPLOYMENT_TARGET = 12.2;
				MTL_ENABLE_DEBUG_INFO = INCLUDE_SOURCE;
				MTL_FAST_MATH = YES;
				ONLY_ACTIVE_ARCH = YES;
				SDKROOT = iphoneos;
				SWIFT_ACTIVE_COMPILATION_CONDITIONS = DEBUG;
				SWIFT_OPTIMIZATION_LEVEL = "-Onone";
			};
			name = Debug;
		};
		B737AFFD22DE5AB30075532B /* Release */ = {
			isa = XCBuildConfiguration;
			buildSettings = {
				ALWAYS_SEARCH_USER_PATHS = NO;
				CLANG_ANALYZER_NONNULL = YES;
				CLANG_ANALYZER_NUMBER_OBJECT_CONVERSION = YES_AGGRESSIVE;
				CLANG_CXX_LANGUAGE_STANDARD = "gnu++14";
				CLANG_CXX_LIBRARY = "libc++";
				CLANG_ENABLE_MODULES = YES;
				CLANG_ENABLE_OBJC_ARC = YES;
				CLANG_ENABLE_OBJC_WEAK = YES;
				CLANG_WARN_BLOCK_CAPTURE_AUTORELEASING = YES;
				CLANG_WARN_BOOL_CONVERSION = YES;
				CLANG_WARN_COMMA = YES;
				CLANG_WARN_CONSTANT_CONVERSION = YES;
				CLANG_WARN_DEPRECATED_OBJC_IMPLEMENTATIONS = YES;
				CLANG_WARN_DIRECT_OBJC_ISA_USAGE = YES_ERROR;
				CLANG_WARN_DOCUMENTATION_COMMENTS = YES;
				CLANG_WARN_EMPTY_BODY = YES;
				CLANG_WARN_ENUM_CONVERSION = YES;
				CLANG_WARN_INFINITE_RECURSION = YES;
				CLANG_WARN_INT_CONVERSION = YES;
				CLANG_WARN_NON_LITERAL_NULL_CONVERSION = YES;
				CLANG_WARN_OBJC_IMPLICIT_RETAIN_SELF = YES;
				CLANG_WARN_OBJC_LITERAL_CONVERSION = YES;
				CLANG_WARN_OBJC_ROOT_CLASS = YES_ERROR;
				CLANG_WARN_RANGE_LOOP_ANALYSIS = YES;
				CLANG_WARN_STRICT_PROTOTYPES = YES;
				CLANG_WARN_SUSPICIOUS_MOVE = YES;
				CLANG_WARN_UNGUARDED_AVAILABILITY = YES_AGGRESSIVE;
				CLANG_WARN_UNREACHABLE_CODE = YES;
				CLANG_WARN__DUPLICATE_METHOD_MATCH = YES;
				CODE_SIGN_IDENTITY = "iPhone Developer";
				COPY_PHASE_STRIP = NO;
				DEBUG_INFORMATION_FORMAT = "dwarf-with-dsym";
				ENABLE_NS_ASSERTIONS = NO;
				ENABLE_STRICT_OBJC_MSGSEND = YES;
				GCC_C_LANGUAGE_STANDARD = gnu11;
				GCC_NO_COMMON_BLOCKS = YES;
				GCC_WARN_64_TO_32_BIT_CONVERSION = YES;
				GCC_WARN_ABOUT_RETURN_TYPE = YES_ERROR;
				GCC_WARN_UNDECLARED_SELECTOR = YES;
				GCC_WARN_UNINITIALIZED_AUTOS = YES_AGGRESSIVE;
				GCC_WARN_UNUSED_FUNCTION = YES;
				GCC_WARN_UNUSED_VARIABLE = YES;
				IPHONEOS_DEPLOYMENT_TARGET = 12.2;
				MTL_ENABLE_DEBUG_INFO = NO;
				MTL_FAST_MATH = YES;
				SDKROOT = iphoneos;
				SWIFT_COMPILATION_MODE = wholemodule;
				SWIFT_OPTIMIZATION_LEVEL = "-O";
				VALIDATE_PRODUCT = YES;
			};
			name = Release;
		};
		B737AFFF22DE5AB30075532B /* Debug */ = {
			isa = XCBuildConfiguration;
			buildSettings = {
				ASSETCATALOG_COMPILER_APPICON_NAME = AppIcon;
				CODE_SIGN_STYLE = Automatic;
				INFOPLIST_FILE = unimportant/Info.plist;
				LD_RUNPATH_SEARCH_PATHS = (
					"$(inherited)",
					"@executable_path/Frameworks",
				);
				PRODUCT_BUNDLE_IDENTIFIER = maddie.unimportant;
				PRODUCT_NAME = "$(TARGET_NAME)";
				SWIFT_VERSION = 5.0;
				TARGETED_DEVICE_FAMILY = "1,2";
			};
			name = Debug;
		};
		B737B00022DE5AB30075532B /* Release */ = {
			isa = XCBuildConfiguration;
			buildSettings = {
				ASSETCATALOG_COMPILER_APPICON_NAME = AppIcon;
				CODE_SIGN_STYLE = Automatic;
				INFOPLIST_FILE = unimportant/Info.plist;
				LD_RUNPATH_SEARCH_PATHS = (
					"$(inherited)",
					"@executable_path/Frameworks",
				);
				PRODUCT_BUNDLE_IDENTIFIER = maddie.unimportant;
				PRODUCT_NAME = "$(TARGET_NAME)";
				SWIFT_VERSION = 5.0;
				TARGETED_DEVICE_FAMILY = "1,2";
			};
			name = Release;
		};
/* End XCBuildConfiguration section */

/* Begin XCConfigurationList section */
		B737AFE422DE5AB20075532B /* Build configuration list for PBXProject "unimportant" */ = {
			isa = XCConfigurationList;
			buildConfigurations = (
				B737AFFC22DE5AB30075532B /* Debug */,
				B737AFFD22DE5AB30075532B /* Release */,
			);
			defaultConfigurationIsVisible = 0;
			defaultConfigurationName = Release;
		};
		B737AFFE22DE5AB30075532B /* Build configuration list for PBXNativeTarget "unimportant" */ = {
			isa = XCConfigurationList;
			buildConfigurations = (
				B737AFFF22DE5AB30075532B /* Debug */,
				B737B00022DE5AB30075532B /* Release */,
			);
			defaultConfigurationIsVisible = 0;
			defaultConfigurationName = Release;
		};
/* End XCConfigurationList section */

/* Begin XCVersionGroup section */
		B737AFF322DE5AB20075532B /* unimportant.xcdatamodeld */ = {
			isa = XCVersionGroup;
			children = (
				B737AFF422DE5AB20075532B /* unimportant.xcdatamodel */,
			);
			currentVersion = B737AFF422DE5AB20075532B /* unimportant.xcdatamodel */;
			path = unimportant.xcdatamodeld;
			sourceTree = "<group>";
			versionGroupType = wrapper.xcdatamodel;
		};
/* End XCVersionGroup section */
	};
	rootObject = B737AFE122DE5AB20075532B /* Project object */;
}
